
Microsoft Visual Studio Solution File, Format Version 11.00
# Visual Studio 2010
Project("{FAE04EC0-301F-11D3-BF4B-00C04F79EFBC}") = "Assembly-CSharp", "Assembly-CSharp.csproj", "{dda81de2-aa22-7227-abd4-b8488f042cef}"
EndProject
Project("{FAE04EC0-301F-11D3-BF4B-00C04F79EFBC}") = "Assembly-CSharp-Editor", "Assembly-CSharp-Editor.csproj", "{d97d2e96-035c-b3e5-17ca-5c2748bb1b65}"
EndProject
Global
	GlobalSection(SolutionConfigurationPlatforms) = preSolution
		Debug|Any CPU = Debug|Any CPU
	EndGlobalSection
	GlobalSection(ProjectConfigurationPlatforms) = postSolution
		{dda81de2-aa22-7227-abd4-b8488f042cef}.Debug|Any CPU.ActiveCfg = Debug|Any CPU
		{dda81de2-aa22-7227-abd4-b8488f042cef}.Debug|Any CPU.Build.0 = Debug|Any CPU
		{d97d2e96-035c-b3e5-17ca-5c2748bb1b65}.Debug|Any CPU.ActiveCfg = Debug|Any CPU
		{d97d2e96-035c-b3e5-17ca-5c2748bb1b65}.Debug|Any CPU.Build.0 = Debug|Any CPU
	EndGlobalSection
	GlobalSection(SolutionProperties) = preSolution
		HideSolutionNode = FALSE
	EndGlobalSection
EndGlobal
