
Microsoft Visual Studio Solution File, Format Version 11.00
# Visual Studio 2010
Project("{FAE04EC0-301F-11D3-BF4B-00C04F79EFBC}") = "Assembly-CSharp", "Assembly-CSharp.csproj", "{E21DA8DD-22AA-2772-ABD4-B8488F042CEF}"
EndProject
Global
	GlobalSection(SolutionConfigurationPlatforms) = preSolution
		Debug|Any CPU = Debug|Any CPU
		Release|Any CPU = Release|Any CPU
	EndGlobalSection
	GlobalSection(ProjectConfigurationPlatforms) = postSolution
		{E21DA8DD-22AA-2772-ABD4-B8488F042CEF}.Debug|Any CPU.ActiveCfg = Debug|Any CPU
		{E21DA8DD-22AA-2772-ABD4-B8488F042CEF}.Debug|Any CPU.Build.0 = Debug|Any CPU
		{E21DA8DD-22AA-2772-ABD4-B8488F042CEF}.Release|Any CPU.ActiveCfg = Release|Any CPU
		{E21DA8DD-22AA-2772-ABD4-B8488F042CEF}.Release|Any CPU.Build.0 = Release|Any CPU
	EndGlobalSection
	GlobalSection(SolutionProperties) = preSolution
		HideSolutionNode = FALSE
	EndGlobalSection
EndGlobal
